
Microsoft Visual Studio Solution File, Format Version 12.00
# Visual Studio Version 17
VisualStudioVersion = 17.12.35527.113 d17.12
MinimumVisualStudioVersion = 10.0.40219.1
Project("{FAE04EC0-301F-11D3-BF4B-00C04F79EFBC}") = "EventSpark.Web", "EventSpark.Web.csproj", "{18F02BC2-7158-428B-9B2E-67D84CED2BFD}"
EndProject
Project("{FAE04EC0-301F-11D3-BF4B-00C04F79EFBC}") = "EventSpark.Core", "..\EventSpark.Core\EventSpark.Core.csproj", "{C88448FA-09C4-4E23-B4E9-A4101E0D9BBF}"
EndProject
Project("{FAE04EC0-301F-11D3-BF4B-00C04F79EFBC}") = "EventSpark.Infrastructure", "..\EventSpark.Infrastructure\EventSpark.Infrastructure.csproj", "{3794C6D7-AEA1-4932-B9FA-799A226AF839}"
EndProject
Global
	GlobalSection(SolutionConfigurationPlatforms) = preSolution
		Debug|Any CPU = Debug|Any CPU
		Release|Any CPU = Release|Any CPU
	EndGlobalSection
	GlobalSection(ProjectConfigurationPlatforms) = postSolution
		{18F02BC2-7158-428B-9B2E-67D84CED2BFD}.Debug|Any CPU.ActiveCfg = Debug|Any CPU
		{18F02BC2-7158-428B-9B2E-67D84CED2BFD}.Debug|Any CPU.Build.0 = Debug|Any CPU
		{18F02BC2-7158-428B-9B2E-67D84CED2BFD}.Release|Any CPU.ActiveCfg = Release|Any CPU
		{18F02BC2-7158-428B-9B2E-67D84CED2BFD}.Release|Any CPU.Build.0 = Release|Any CPU
		{C88448FA-09C4-4E23-B4E9-A4101E0D9BBF}.Debug|Any CPU.ActiveCfg = Debug|Any CPU
		{C88448FA-09C4-4E23-B4E9-A4101E0D9BBF}.Debug|Any CPU.Build.0 = Debug|Any CPU
		{C88448FA-09C4-4E23-B4E9-A4101E0D9BBF}.Release|Any CPU.ActiveCfg = Release|Any CPU
		{C88448FA-09C4-4E23-B4E9-A4101E0D9BBF}.Release|Any CPU.Build.0 = Release|Any CPU
		{3794C6D7-AEA1-4932-B9FA-799A226AF839}.Debug|Any CPU.ActiveCfg = Debug|Any CPU
		{3794C6D7-AEA1-4932-B9FA-799A226AF839}.Debug|Any CPU.Build.0 = Debug|Any CPU
		{3794C6D7-AEA1-4932-B9FA-799A226AF839}.Release|Any CPU.ActiveCfg = Release|Any CPU
		{3794C6D7-AEA1-4932-B9FA-799A226AF839}.Release|Any CPU.Build.0 = Release|Any CPU
	EndGlobalSection
	GlobalSection(SolutionProperties) = preSolution
		HideSolutionNode = FALSE
	EndGlobalSection
EndGlobal
